
Microsoft Visual Studio Solution File, Format Version 12.00
Project("{2150E333-8FDC-42A3-9474-1A3956D46DE8}") = "Solution Items", "Solution Items", "{4863F894-D30C-4C60-921D-1DF04FCEA479}"
	ProjectSection(SolutionItems) = preProject
		docker-compose.yml = docker-compose.yml
	EndProjectSection
EndProject
Project("{FAE04EC0-301F-11D3-BF4B-00C04F79EFBC}") = "CourseManagement.Domain", "src\CourseManagement.Domain\CourseManagement.Domain.csproj", "{D6ED0FAC-D6F3-4ECE-A773-0704C87FD31B}"
EndProject
Project("{FAE04EC0-301F-11D3-BF4B-00C04F79EFBC}") = "CourseManagement.Infrastructure", "src\CourseManagement.Infrastructure\CourseManagement.Infrastructure.csproj", "{EBB5CE71-295C-499E-9CC6-413B9045E60F}"
EndProject
Project("{FAE04EC0-301F-11D3-BF4B-00C04F79EFBC}") = "CourseManagement.API", "src\CourseManagement.API\CourseManagement.API.csproj", "{008F7939-EDE6-4CBF-880B-5433F294CE07}"
EndProject
Project("{FAE04EC0-301F-11D3-BF4B-00C04F79EFBC}") = "CourseManagement.Application", "src\CourseManagement.Application\CourseManagement.Application.csproj", "{91C98584-597E-4926-9641-55D49702444B}"
EndProject
Project("{FAE04EC0-301F-11D3-BF4B-00C04F79EFBC}") = "CourseManagement.API.FunctionalTests", "test\CourseManagement.API.FunctionalTests\CourseManagement.API.FunctionalTests.csproj", "{4FB30E84-D6E6-428D-92A9-D6AAF898C3B3}"
EndProject
Project("{FAE04EC0-301F-11D3-BF4B-00C04F79EFBC}") = "CourseManagement.Application.IntegrationTests", "test\CourseManagement.Application.IntegrationTests\CourseManagement.Application.IntegrationTests.csproj", "{AE32D191-F3F7-4F0B-9EF6-D3822F00FEE7}"
EndProject
Project("{FAE04EC0-301F-11D3-BF4B-00C04F79EFBC}") = "CourseManagement.Application.UnitTests", "test\CourseManagement.Application.UnitTests\CourseManagement.Application.UnitTests.csproj", "{62350ACB-3939-4DC5-A332-9D739EAD8EA1}"
EndProject
Global
	GlobalSection(SolutionConfigurationPlatforms) = preSolution
		Debug|Any CPU = Debug|Any CPU
		Release|Any CPU = Release|Any CPU
	EndGlobalSection
	GlobalSection(ProjectConfigurationPlatforms) = postSolution
		{D6ED0FAC-D6F3-4ECE-A773-0704C87FD31B}.Debug|Any CPU.ActiveCfg = Debug|Any CPU
		{D6ED0FAC-D6F3-4ECE-A773-0704C87FD31B}.Debug|Any CPU.Build.0 = Debug|Any CPU
		{D6ED0FAC-D6F3-4ECE-A773-0704C87FD31B}.Release|Any CPU.ActiveCfg = Release|Any CPU
		{D6ED0FAC-D6F3-4ECE-A773-0704C87FD31B}.Release|Any CPU.Build.0 = Release|Any CPU
		{EBB5CE71-295C-499E-9CC6-413B9045E60F}.Debug|Any CPU.ActiveCfg = Debug|Any CPU
		{EBB5CE71-295C-499E-9CC6-413B9045E60F}.Debug|Any CPU.Build.0 = Debug|Any CPU
		{EBB5CE71-295C-499E-9CC6-413B9045E60F}.Release|Any CPU.ActiveCfg = Release|Any CPU
		{EBB5CE71-295C-499E-9CC6-413B9045E60F}.Release|Any CPU.Build.0 = Release|Any CPU
		{008F7939-EDE6-4CBF-880B-5433F294CE07}.Debug|Any CPU.ActiveCfg = Debug|Any CPU
		{008F7939-EDE6-4CBF-880B-5433F294CE07}.Debug|Any CPU.Build.0 = Debug|Any CPU
		{008F7939-EDE6-4CBF-880B-5433F294CE07}.Release|Any CPU.ActiveCfg = Release|Any CPU
		{008F7939-EDE6-4CBF-880B-5433F294CE07}.Release|Any CPU.Build.0 = Release|Any CPU
		{91C98584-597E-4926-9641-55D49702444B}.Debug|Any CPU.ActiveCfg = Debug|Any CPU
		{91C98584-597E-4926-9641-55D49702444B}.Debug|Any CPU.Build.0 = Debug|Any CPU
		{91C98584-597E-4926-9641-55D49702444B}.Release|Any CPU.ActiveCfg = Release|Any CPU
		{91C98584-597E-4926-9641-55D49702444B}.Release|Any CPU.Build.0 = Release|Any CPU
		{4FB30E84-D6E6-428D-92A9-D6AAF898C3B3}.Debug|Any CPU.ActiveCfg = Debug|Any CPU
		{4FB30E84-D6E6-428D-92A9-D6AAF898C3B3}.Debug|Any CPU.Build.0 = Debug|Any CPU
		{4FB30E84-D6E6-428D-92A9-D6AAF898C3B3}.Release|Any CPU.ActiveCfg = Release|Any CPU
		{4FB30E84-D6E6-428D-92A9-D6AAF898C3B3}.Release|Any CPU.Build.0 = Release|Any CPU
		{AE32D191-F3F7-4F0B-9EF6-D3822F00FEE7}.Debug|Any CPU.ActiveCfg = Debug|Any CPU
		{AE32D191-F3F7-4F0B-9EF6-D3822F00FEE7}.Debug|Any CPU.Build.0 = Debug|Any CPU
		{AE32D191-F3F7-4F0B-9EF6-D3822F00FEE7}.Release|Any CPU.ActiveCfg = Release|Any CPU
		{AE32D191-F3F7-4F0B-9EF6-D3822F00FEE7}.Release|Any CPU.Build.0 = Release|Any CPU
		{62350ACB-3939-4DC5-A332-9D739EAD8EA1}.Debug|Any CPU.ActiveCfg = Debug|Any CPU
		{62350ACB-3939-4DC5-A332-9D739EAD8EA1}.Debug|Any CPU.Build.0 = Debug|Any CPU
		{62350ACB-3939-4DC5-A332-9D739EAD8EA1}.Release|Any CPU.ActiveCfg = Release|Any CPU
		{62350ACB-3939-4DC5-A332-9D739EAD8EA1}.Release|Any CPU.Build.0 = Release|Any CPU
	EndGlobalSection
EndGlobal
